Microsoft Visual Studio Solution File, Format Version 12.00
# Visual Studio Version 17
VisualStudioVersion = 17.0.31903.59
MinimumVisualStudioVersion = 10.0.40219.1
Project("{9A19103F-16F7-4668-BE54-9A1E7A4F7556}") = "CppBindingTemplate", "CppBindingTemplate.csproj", "{71BB6A24-671D-4FA5-BB65-02EA47D8DE09}"
EndProject
Global
	GlobalSection(SolutionConfigurationPlatforms) = preSolution
		Debug|Any CPU = Debug|Any CPU
		Debug|x64 = Debug|x64
		Release|Any CPU = Release|Any CPU
		Release|x64 = Release|x64
	EndGlobalSection
	GlobalSection(ProjectConfigurationPlatforms) = postSolution
		{71BB6A24-671D-4FA5-BB65-02EA47D8DE09}.Debug|Any CPU.ActiveCfg = Debug|x64
		{71BB6A24-671D-4FA5-BB65-02EA47D8DE09}.Debug|Any CPU.Build.0 = Debug|x64
		{71BB6A24-671D-4FA5-BB65-02EA47D8DE09}.Debug|x64.ActiveCfg = Debug|x64
		{71BB6A24-671D-4FA5-BB65-02EA47D8DE09}.Debug|x64.Build.0 = Debug|x64
		{71BB6A24-671D-4FA5-BB65-02EA47D8DE09}.Release|Any CPU.ActiveCfg = Release|x64
		{71BB6A24-671D-4FA5-BB65-02EA47D8DE09}.Release|Any CPU.Build.0 = Release|x64
		{71BB6A24-671D-4FA5-BB65-02EA47D8DE09}.Release|x64.ActiveCfg = Release|x64
		{71BB6A24-671D-4FA5-BB65-02EA47D8DE09}.Release|x64.Build.0 = Release|x64
	EndGlobalSection
	GlobalSection(SolutionProperties) = preSolution
		HideSolutionNode = FALSE
	EndGlobalSection
	GlobalSection(ExtensibilityGlobals) = postSolution
		SolutionGuid = {4BBDCF28-4BE5-4214-86C1-4A4FAB355F14}
	EndGlobalSection
EndGlobal
